
Microsoft Visual Studio Solution File, Format Version 12.00
# Visual Studio Version 17
VisualStudioVersion = 17.14.36212.18 d17.14
MinimumVisualStudioVersion = 10.0.40219.1
Project("{FAE04EC0-301F-11D3-BF4B-00C04F79EFBC}") = "WebApiAjax", "WebApiAjax\WebApiAjax.csproj", "{FC8D7E2C-E209-4890-813C-ED7875A6889E}"
EndProject
Global
	GlobalSection(SolutionConfigurationPlatforms) = preSolution
		Debug|Any CPU = Debug|Any CPU
		Release|Any CPU = Release|Any CPU
	EndGlobalSection
	GlobalSection(ProjectConfigurationPlatforms) = postSolution
		{FC8D7E2C-E209-4890-813C-ED7875A6889E}.Debug|Any CPU.ActiveCfg = Debug|Any CPU
		{FC8D7E2C-E209-4890-813C-ED7875A6889E}.Debug|Any CPU.Build.0 = Debug|Any CPU
		{FC8D7E2C-E209-4890-813C-ED7875A6889E}.Release|Any CPU.ActiveCfg = Release|Any CPU
		{FC8D7E2C-E209-4890-813C-ED7875A6889E}.Release|Any CPU.Build.0 = Release|Any CPU
	EndGlobalSection
	GlobalSection(SolutionProperties) = preSolution
		HideSolutionNode = FALSE
	EndGlobalSection
	GlobalSection(ExtensibilityGlobals) = postSolution
		SolutionGuid = {74E3ECCC-49EA-4DDF-9C9F-75CD1E4FBDDA}
	EndGlobalSection
EndGlobal
